
Microsoft Visual Studio Solution File, Format Version 12.00
# Visual Studio 15
VisualStudioVersion = 15.0.28307.572
MinimumVisualStudioVersion = 10.0.40219.1
Project("{8BC9CEB8-8B4A-11D0-8D11-00A0C91BC942}") = "Assignment2", "Assignment2\Assignment2.vcxproj", "{863CD331-4A77-43E7-97F9-FABC27FD2123}"
EndProject
Global
	GlobalSection(SolutionConfigurationPlatforms) = preSolution
		Debug|x64 = Debug|x64
		Debug|x86 = Debug|x86
		Release|x64 = Release|x64
		Release|x86 = Release|x86
	EndGlobalSection
	GlobalSection(ProjectConfigurationPlatforms) = postSolution
		{863CD331-4A77-43E7-97F9-FABC27FD2123}.Debug|x64.ActiveCfg = Debug|x64
		{863CD331-4A77-43E7-97F9-FABC27FD2123}.Debug|x64.Build.0 = Debug|x64
		{863CD331-4A77-43E7-97F9-FABC27FD2123}.Debug|x86.ActiveCfg = Debug|Win32
		{863CD331-4A77-43E7-97F9-FABC27FD2123}.Debug|x86.Build.0 = Debug|Win32
		{863CD331-4A77-43E7-97F9-FABC27FD2123}.Release|x64.ActiveCfg = Release|x64
		{863CD331-4A77-43E7-97F9-FABC27FD2123}.Release|x64.Build.0 = Release|x64
		{863CD331-4A77-43E7-97F9-FABC27FD2123}.Release|x86.ActiveCfg = Release|Win32
		{863CD331-4A77-43E7-97F9-FABC27FD2123}.Release|x86.Build.0 = Release|Win32
	EndGlobalSection
	GlobalSection(SolutionProperties) = preSolution
		HideSolutionNode = FALSE
	EndGlobalSection
	GlobalSection(ExtensibilityGlobals) = postSolution
		SolutionGuid = {CABCE6E2-3F9B-4BBA-B88F-1B86C4EA84BF}
	EndGlobalSection
EndGlobal
